// !$*UTF8*$!
{
	archiveVersion = 1;
	classes = {
	};
	objectVersion = 50;
	objects = {

/* Begin PBXBuildFile section */
		C411000021EF121F006C7569 /* image5.png in Resources */ = {isa = PBXBuildFile; fileRef = C411FFF621EF121E006C7569 /* image5.png */; };
		C411000121EF121F006C7569 /* image4.png in Resources */ = {isa = PBXBuildFile; fileRef = C411FFF721EF121E006C7569 /* image4.png */; };
		C411000221EF121F006C7569 /* image6.png in Resources */ = {isa = PBXBuildFile; fileRef = C411FFF821EF121E006C7569 /* image6.png */; };
		C411000321EF121F006C7569 /* image2.png in Resources */ = {isa = PBXBuildFile; fileRef = C411FFF921EF121E006C7569 /* image2.png */; };
		C411000421EF121F006C7569 /* image8.png in Resources */ = {isa = PBXBuildFile; fileRef = C411FFFA21EF121E006C7569 /* image8.png */; };
		C411000521EF121F006C7569 /* image9.png in Resources */ = {isa = PBXBuildFile; fileRef = C411FFFB21EF121E006C7569 /* image9.png */; };
		C411000621EF121F006C7569 /* image7.png in Resources */ = {isa = PBXBuildFile; fileRef = C411FFFC21EF121E006C7569 /* image7.png */; };
		C411000721EF121F006C7569 /* image1.png in Resources */ = {isa = PBXBuildFile; fileRef = C411FFFD21EF121E006C7569 /* image1.png */; };
		C411000821EF121F006C7569 /* image10.png in Resources */ = {isa = PBXBuildFile; fileRef = C411FFFE21EF121E006C7569 /* image10.png */; };
		C411000921EF121F006C7569 /* image3.png in Resources */ = {isa = PBXBuildFile; fileRef = C411FFFF21EF121E006C7569 /* image3.png */; };
		C411FFE421EF0416006C7569 /* AppDelegate.swift in Sources */ = {isa = PBXBuildFile; fileRef = C411FFE321EF0416006C7569 /* AppDelegate.swift */; };
		C411FFE621EF0416006C7569 /* ViewController.swift in Sources */ = {isa = PBXBuildFile; fileRef = C411FFE521EF0416006C7569 /* ViewController.swift */; };
		C411FFE921EF0416006C7569 /* Main.storyboard in Resources */ = {isa = PBXBuildFile; fileRef = C411FFE721EF0416006C7569 /* Main.storyboard */; };
		C411FFEB21EF0417006C7569 /* Assets.xcassets in Resources */ = {isa = PBXBuildFile; fileRef = C411FFEA21EF0417006C7569 /* Assets.xcassets */; };
		C411FFEE21EF0417006C7569 /* LaunchScreen.storyboard in Resources */ = {isa = PBXBuildFile; fileRef = C411FFEC21EF0417006C7569 /* LaunchScreen.storyboard */; };
/* End PBXBuildFile section */

/* Begin PBXFileReference section */
		C411FFE021EF0416006C7569 /* ImagePerformanceTest.app */ = {isa = PBXFileReference; explicitFileType = wrapper.application; includeInIndex = 0; path = ImagePerformanceTest.app; sourceTree = BUILT_PRODUCTS_DIR; };
		C411FFE321EF0416006C7569 /* AppDelegate.swift */ = {isa = PBXFileReference; lastKnownFileType = sourcecode.swift; path = AppDelegate.swift; sourceTree = "<group>"; };
		C411FFE521EF0416006C7569 /* ViewController.swift */ = {isa = PBXFileReference; lastKnownFileType = sourcecode.swift; path = ViewController.swift; sourceTree = "<group>"; };
		C411FFE821EF0416006C7569 /* Base */ = {isa = PBXFileReference; lastKnownFileType = file.storyboard; name = Base; path = Base.lproj/Main.storyboard; sourceTree = "<group>"; };
		C411FFEA21EF0417006C7569 /* Assets.xcassets */ = {isa = PBXFileReference; lastKnownFileType = folder.assetcatalog; path = Assets.xcassets; sourceTree = "<group>"; };
		C411FFED21EF0417006C7569 /* Base */ = {isa = PBXFileReference; lastKnownFileType = file.storyboard; name = Base; path = Base.lproj/LaunchScreen.storyboard; sourceTree = "<group>"; };
		C411FFEF21EF0417006C7569 /* Info.plist */ = {isa = PBXFileReference; lastKnownFileType = text.plist.xml; path = Info.plist; sourceTree = "<group>"; };
		C411FFF621EF121E006C7569 /* image5.png */ = {isa = PBXFileReference; lastKnownFileType = image.png; path = image5.png; sourceTree = "<group>"; };
		C411FFF721EF121E006C7569 /* image4.png */ = {isa = PBXFileReference; lastKnownFileType = image.png; path = image4.png; sourceTree = "<group>"; };
		C411FFF821EF121E006C7569 /* image6.png */ = {isa = PBXFileReference; lastKnownFileType = image.png; path = image6.png; sourceTree = "<group>"; };
		C411FFF921EF121E006C7569 /* image2.png */ = {isa = PBXFileReference; lastKnownFileType = image.png; path = image2.png; sourceTree = "<group>"; };
		C411FFFA21EF121E006C7569 /* image8.png */ = {isa = PBXFileReference; lastKnownFileType = image.png; path = image8.png; sourceTree = "<group>"; };
		C411FFFB21EF121E006C7569 /* image9.png */ = {isa = PBXFileReference; lastKnownFileType = image.png; path = image9.png; sourceTree = "<group>"; };
		C411FFFC21EF121E006C7569 /* image7.png */ = {isa = PBXFileReference; lastKnownFileType = image.png; path = image7.png; sourceTree = "<group>"; };
		C411FFFD21EF121E006C7569 /* image1.png */ = {isa = PBXFileReference; lastKnownFileType = image.png; path = image1.png; sourceTree = "<group>"; };
		C411FFFE21EF121E006C7569 /* image10.png */ = {isa = PBXFileReference; lastKnownFileType = image.png; path = image10.png; sourceTree = "<group>"; };
		C411FFFF21EF121E006C7569 /* image3.png */ = {isa = PBXFileReference; lastKnownFileType = image.png; path = image3.png; sourceTree = "<group>"; };
/* End PBXFileReference section */

/* Begin PBXFrameworksBuildPhase section */
		C411FFDD21EF0416006C7569 /* Frameworks */ = {
			isa = PBXFrameworksBuildPhase;
			buildActionMask = 2147483647;
			files = (
			);
			runOnlyForDeploymentPostprocessing = 0;
		};
/* End PBXFrameworksBuildPhase section */

/* Begin PBXGroup section */
		C411FFD721EF0416006C7569 = {
			isa = PBXGroup;
			children = (
				C411FFE221EF0416006C7569 /* ImagePerformanceTest */,
				C411FFE121EF0416006C7569 /* Products */,
			);
			sourceTree = "<group>";
		};
		C411FFE121EF0416006C7569 /* Products */ = {
			isa = PBXGroup;
			children = (
				C411FFE021EF0416006C7569 /* ImagePerformanceTest.app */,
			);
			name = Products;
			sourceTree = "<group>";
		};
		C411FFE221EF0416006C7569 /* ImagePerformanceTest */ = {
			isa = PBXGroup;
			children = (
				C411FFF521EF07E2006C7569 /* image */,
				C411FFE321EF0416006C7569 /* AppDelegate.swift */,
				C411FFE521EF0416006C7569 /* ViewController.swift */,
				C411FFE721EF0416006C7569 /* Main.storyboard */,
				C411FFEA21EF0417006C7569 /* Assets.xcassets */,
				C411FFEC21EF0417006C7569 /* LaunchScreen.storyboard */,
				C411FFEF21EF0417006C7569 /* Info.plist */,
			);
			path = ImagePerformanceTest;
			sourceTree = "<group>";
		};
		C411FFF521EF07E2006C7569 /* image */ = {
			isa = PBXGroup;
			children = (
				C411FFFD21EF121E006C7569 /* image1.png */,
				C411FFF921EF121E006C7569 /* image2.png */,
				C411FFFF21EF121E006C7569 /* image3.png */,
				C411FFF721EF121E006C7569 /* image4.png */,
				C411FFF621EF121E006C7569 /* image5.png */,
				C411FFF821EF121E006C7569 /* image6.png */,
				C411FFFC21EF121E006C7569 /* image7.png */,
				C411FFFA21EF121E006C7569 /* image8.png */,
				C411FFFB21EF121E006C7569 /* image9.png */,
				C411FFFE21EF121E006C7569 /* image10.png */,
			);
			path = image;
			sourceTree = "<group>";
		};
/* End PBXGroup section */

/* Begin PBXNativeTarget section */
		C411FFDF21EF0416006C7569 /* ImagePerformanceTest */ = {
			isa = PBXNativeTarget;
			buildConfigurationList = C411FFF221EF0417006C7569 /* Build configuration list for PBXNativeTarget "ImagePerformanceTest" */;
			buildPhases = (
				C411FFDC21EF0416006C7569 /* Sources */,
				C411FFDD21EF0416006C7569 /* Frameworks */,
				C411FFDE21EF0416006C7569 /* Resources */,
			);
			buildRules = (
			);
			dependencies = (
			);
			name = ImagePerformanceTest;
			productName = ImagePerformanceTest;
			productReference = C411FFE021EF0416006C7569 /* ImagePerformanceTest.app */;
			productType = "com.apple.product-type.application";
		};
/* End PBXNativeTarget section */

/* Begin PBXProject section */
		C411FFD821EF0416006C7569 /* Project object */ = {
			isa = PBXProject;
			attributes = {
				LastSwiftUpdateCheck = 1010;
				LastUpgradeCheck = 1010;
				ORGANIZATIONNAME = chk;
				TargetAttributes = {
					C411FFDF21EF0416006C7569 = {
						CreatedOnToolsVersion = 10.1;
					};
				};
			};
			buildConfigurationList = C411FFDB21EF0416006C7569 /* Build configuration list for PBXProject "ImagePerformanceTest" */;
			compatibilityVersion = "Xcode 9.3";
			developmentRegion = en;
			hasScannedForEncodings = 0;
			knownRegions = (
				en,
				Base,
			);
			mainGroup = C411FFD721EF0416006C7569;
			productRefGroup = C411FFE121EF0416006C7569 /* Products */;
			projectDirPath = "";
			projectRoot = "";
			targets = (
				C411FFDF21EF0416006C7569 /* ImagePerformanceTest */,
			);
		};
/* End PBXProject section */

/* Begin PBXResourcesBuildPhase section */
		C411FFDE21EF0416006C7569 /* Resources */ = {
			isa = PBXResourcesBuildPhase;
			buildActionMask = 2147483647;
			files = (
				C411000421EF121F006C7569 /* image8.png in Resources */,
				C411000621EF121F006C7569 /* image7.png in Resources */,
				C411000821EF121F006C7569 /* image10.png in Resources */,
				C411FFEE21EF0417006C7569 /* LaunchScreen.storyboard in Resources */,
				C411000121EF121F006C7569 /* image4.png in Resources */,
				C411000021EF121F006C7569 /* image5.png in Resources */,
				C411000721EF121F006C7569 /* image1.png in Resources */,
				C411FFEB21EF0417006C7569 /* Assets.xcassets in Resources */,
				C411000221EF121F006C7569 /* image6.png in Resources */,
				C411FFE921EF0416006C7569 /* Main.storyboard in Resources */,
				C411000921EF121F006C7569 /* image3.png in Resources */,
				C411000521EF121F006C7569 /* image9.png in Resources */,
				C411000321EF121F006C7569 /* image2.png in Resources */,
			);
			runOnlyForDeploymentPostprocessing = 0;
		};
/* End PBXResourcesBuildPhase section */

/* Begin PBXSourcesBuildPhase section */
		C411FFDC21EF0416006C7569 /* Sources */ = {
			isa = PBXSourcesBuildPhase;
			buildActionMask = 2147483647;
			files = (
				C411FFE621EF0416006C7569 /* ViewController.swift in Sources */,
				C411FFE421EF0416006C7569 /* AppDelegate.swift in Sources */,
			);
			runOnlyForDeploymentPostprocessing = 0;
		};
/* End PBXSourcesBuildPhase section */

/* Begin PBXVariantGroup section */
		C411FFE721EF0416006C7569 /* Main.storyboard */ = {
			isa = PBXVariantGroup;
			children = (
				C411FFE821EF0416006C7569 /* Base */,
			);
			name = Main.storyboard;
			sourceTree = "<group>";
		};
		C411FFEC21EF0417006C7569 /* LaunchScreen.storyboard */ = {
			isa = PBXVariantGroup;
			children = (
				C411FFED21EF0417006C7569 /* Base */,
			);
			name = LaunchScreen.storyboard;
			sourceTree = "<group>";
		};
/* End PBXVariantGroup section */

/* Begin XCBuildConfiguration section */
		C411FFF021EF0417006C7569 /* Debug */ = {
			isa = XCBuildConfiguration;
			buildSettings = {
				ALWAYS_SEARCH_USER_PATHS = NO;
				CLANG_ANALYZER_NONNULL = YES;
				CLANG_ANALYZER_NUMBER_OBJECT_CONVERSION = YES_AGGRESSIVE;
				CLANG_CXX_LANGUAGE_STANDARD = "gnu++14";
				CLANG_CXX_LIBRARY = "libc++";
				CLANG_ENABLE_MODULES = YES;
				CLANG_ENABLE_OBJC_ARC = YES;
				CLANG_ENABLE_OBJC_WEAK = YES;
				CLANG_WARN_BLOCK_CAPTURE_AUTORELEASING = YES;
				CLANG_WARN_BOOL_CONVERSION = YES;
				CLANG_WARN_COMMA = YES;
				CLANG_WARN_CONSTANT_CONVERSION = YES;
				CLANG_WARN_DEPRECATED_OBJC_IMPLEMENTATIONS = YES;
				CLANG_WARN_DIRECT_OBJC_ISA_USAGE = YES_ERROR;
				CLANG_WARN_DOCUMENTATION_COMMENTS = YES;
				CLANG_WARN_EMPTY_BODY = YES;
				CLANG_WARN_ENUM_CONVERSION = YES;
				CLANG_WARN_INFINITE_RECURSION = YES;
				CLANG_WARN_INT_CONVERSION = YES;
				CLANG_WARN_NON_LITERAL_NULL_CONVERSION = YES;
				CLANG_WARN_OBJC_IMPLICIT_RETAIN_SELF = YES;
				CLANG_WARN_OBJC_LITERAL_CONVERSION = YES;
				CLANG_WARN_OBJC_ROOT_CLASS = YES_ERROR;
				CLANG_WARN_RANGE_LOOP_ANALYSIS = YES;
				CLANG_WARN_STRICT_PROTOTYPES = YES;
				CLANG_WARN_SUSPICIOUS_MOVE = YES;
				CLANG_WARN_UNGUARDED_AVAILABILITY = YES_AGGRESSIVE;
				CLANG_WARN_UNREACHABLE_CODE = YES;
				CLANG_WARN__DUPLICATE_METHOD_MATCH = YES;
				CODE_SIGN_IDENTITY = "iPhone Developer";
				COPY_PHASE_STRIP = NO;
				DEBUG_INFORMATION_FORMAT = dwarf;
				ENABLE_STRICT_OBJC_MSGSEND = YES;
				ENABLE_TESTABILITY = YES;
				GCC_C_LANGUAGE_STANDARD = gnu11;
				GCC_DYNAMIC_NO_PIC = NO;
				GCC_NO_COMMON_BLOCKS = YES;
				GCC_OPTIMIZATION_LEVEL = 0;
				GCC_PREPROCESSOR_DEFINITIONS = (
					"DEBUG=1",
					"$(inherited)",
				);
				GCC_WARN_64_TO_32_BIT_CONVERSION = YES;
				GCC_WARN_ABOUT_RETURN_TYPE = YES_ERROR;
				GCC_WARN_UNDECLARED_SELECTOR = YES;
				GCC_WARN_UNINITIALIZED_AUTOS = YES_AGGRESSIVE;
				GCC_WARN_UNUSED_FUNCTION = YES;
				GCC_WARN_UNUSED_VARIABLE = YES;
				IPHONEOS_DEPLOYMENT_TARGET = 12.1;
				MTL_ENABLE_DEBUG_INFO = INCLUDE_SOURCE;
				MTL_FAST_MATH = YES;
				ONLY_ACTIVE_ARCH = YES;
				SDKROOT = iphoneos;
				SWIFT_ACTIVE_COMPILATION_CONDITIONS = DEBUG;
				SWIFT_OPTIMIZATION_LEVEL = "-Onone";
			};
			name = Debug;
		};
		C411FFF121EF0417006C7569 /* Release */ = {
			isa = XCBuildConfiguration;
			buildSettings = {
				ALWAYS_SEARCH_USER_PATHS = NO;
				CLANG_ANALYZER_NONNULL = YES;
				CLANG_ANALYZER_NUMBER_OBJECT_CONVERSION = YES_AGGRESSIVE;
				CLANG_CXX_LANGUAGE_STANDARD = "gnu++14";
				CLANG_CXX_LIBRARY = "libc++";
				CLANG_ENABLE_MODULES = YES;
				CLANG_ENABLE_OBJC_ARC = YES;
				CLANG_ENABLE_OBJC_WEAK = YES;
				CLANG_WARN_BLOCK_CAPTURE_AUTORELEASING = YES;
				CLANG_WARN_BOOL_CONVERSION = YES;
				CLANG_WARN_COMMA = YES;
				CLANG_WARN_CONSTANT_CONVERSION = YES;
				CLANG_WARN_DEPRECATED_OBJC_IMPLEMENTATIONS = YES;
				CLANG_WARN_DIRECT_OBJC_ISA_USAGE = YES_ERROR;
				CLANG_WARN_DOCUMENTATION_COMMENTS = YES;
				CLANG_WARN_EMPTY_BODY = YES;
				CLANG_WARN_ENUM_CONVERSION = YES;
				CLANG_WARN_INFINITE_RECURSION = YES;
				CLANG_WARN_INT_CONVERSION = YES;
				CLANG_WARN_NON_LITERAL_NULL_CONVERSION = YES;
				CLANG_WARN_OBJC_IMPLICIT_RETAIN_SELF = YES;
				CLANG_WARN_OBJC_LITERAL_CONVERSION = YES;
				CLANG_WARN_OBJC_ROOT_CLASS = YES_ERROR;
				CLANG_WARN_RANGE_LOOP_ANALYSIS = YES;
				CLANG_WARN_STRICT_PROTOTYPES = YES;
				CLANG_WARN_SUSPICIOUS_MOVE = YES;
				CLANG_WARN_UNGUARDED_AVAILABILITY = YES_AGGRESSIVE;
				CLANG_WARN_UNREACHABLE_CODE = YES;
				CLANG_WARN__DUPLICATE_METHOD_MATCH = YES;
				CODE_SIGN_IDENTITY = "iPhone Developer";
				COPY_PHASE_STRIP = NO;
				DEBUG_INFORMATION_FORMAT = "dwarf-with-dsym";
				ENABLE_NS_ASSERTIONS = NO;
				ENABLE_STRICT_OBJC_MSGSEND = YES;
				GCC_C_LANGUAGE_STANDARD = gnu11;
				GCC_NO_COMMON_BLOCKS = YES;
				GCC_WARN_64_TO_32_BIT_CONVERSION = YES;
				GCC_WARN_ABOUT_RETURN_TYPE = YES_ERROR;
				GCC_WARN_UNDECLARED_SELECTOR = YES;
				GCC_WARN_UNINITIALIZED_AUTOS = YES_AGGRESSIVE;
				GCC_WARN_UNUSED_FUNCTION = YES;
				GCC_WARN_UNUSED_VARIABLE = YES;
				IPHONEOS_DEPLOYMENT_TARGET = 12.1;
				MTL_ENABLE_DEBUG_INFO = NO;
				MTL_FAST_MATH = YES;
				SDKROOT = iphoneos;
				SWIFT_COMPILATION_MODE = wholemodule;
				SWIFT_OPTIMIZATION_LEVEL = "-O";
				VALIDATE_PRODUCT = YES;
			};
			name = Release;
		};
		C411FFF321EF0417006C7569 /* Debug */ = {
			isa = XCBuildConfiguration;
			buildSettings = {
				ASSETCATALOG_COMPILER_APPICON_NAME = AppIcon;
				CODE_SIGN_STYLE = Automatic;
				DEVELOPMENT_TEAM = 4HQ6PG585Q;
				INFOPLIST_FILE = ImagePerformanceTest/Info.plist;
				LD_RUNPATH_SEARCH_PATHS = (
					"$(inherited)",
					"@executable_path/Frameworks",
				);
				PRODUCT_BUNDLE_IDENTIFIER = com.chk.ImagePerformanceTest;
				PRODUCT_NAME = "$(TARGET_NAME)";
				SWIFT_VERSION = 4.2;
				TARGETED_DEVICE_FAMILY = "1,2";
			};
			name = Debug;
		};
		C411FFF421EF0417006C7569 /* Release */ = {
			isa = XCBuildConfiguration;
			buildSettings = {
				ASSETCATALOG_COMPILER_APPICON_NAME = AppIcon;
				CODE_SIGN_STYLE = Automatic;
				DEVELOPMENT_TEAM = 4HQ6PG585Q;
				INFOPLIST_FILE = ImagePerformanceTest/Info.plist;
				LD_RUNPATH_SEARCH_PATHS = (
					"$(inherited)",
					"@executable_path/Frameworks",
				);
				PRODUCT_BUNDLE_IDENTIFIER = com.chk.ImagePerformanceTest;
				PRODUCT_NAME = "$(TARGET_NAME)";
				SWIFT_VERSION = 4.2;
				TARGETED_DEVICE_FAMILY = "1,2";
			};
			name = Release;
		};
/* End XCBuildConfiguration section */

/* Begin XCConfigurationList section */
		C411FFDB21EF0416006C7569 /* Build configuration list for PBXProject "ImagePerformanceTest" */ = {
			isa = XCConfigurationList;
			buildConfigurations = (
				C411FFF021EF0417006C7569 /* Debug */,
				C411FFF121EF0417006C7569 /* Release */,
			);
			defaultConfigurationIsVisible = 0;
			defaultConfigurationName = Release;
		};
		C411FFF221EF0417006C7569 /* Build configuration list for PBXNativeTarget "ImagePerformanceTest" */ = {
			isa = XCConfigurationList;
			buildConfigurations = (
				C411FFF321EF0417006C7569 /* Debug */,
				C411FFF421EF0417006C7569 /* Release */,
			);
			defaultConfigurationIsVisible = 0;
			defaultConfigurationName = Release;
		};
/* End XCConfigurationList section */
	};
	rootObject = C411FFD821EF0416006C7569 /* Project object */;
}
